// !$*UTF8*$!
{
	archiveVersion = 1;
	classes = {
	};
	objectVersion = 50;
	objects = {

/* Begin PBXBuildFile section */
		3D2A51E224FB4F660060B086 /* NotesVC.swift in Sources */ = {isa = PBXBuildFile; fileRef = 3D2A51E124FB4F660060B086 /* NotesVC.swift */; };
		3D3B395B24F5C72E007B88BD /* AppDelegate.swift in Sources */ = {isa = PBXBuildFile; fileRef = 3D3B395A24F5C72E007B88BD /* AppDelegate.swift */; };
		3D3B395D24F5C72E007B88BD /* SceneDelegate.swift in Sources */ = {isa = PBXBuildFile; fileRef = 3D3B395C24F5C72E007B88BD /* SceneDelegate.swift */; };
		3D3B395F24F5C72E007B88BD /* FoldersVC.swift in Sources */ = {isa = PBXBuildFile; fileRef = 3D3B395E24F5C72E007B88BD /* FoldersVC.swift */; };
		3D3B396424F5C730007B88BD /* Assets.xcassets in Resources */ = {isa = PBXBuildFile; fileRef = 3D3B396324F5C730007B88BD /* Assets.xcassets */; };
		3D3B396724F5C730007B88BD /* LaunchScreen.storyboard in Resources */ = {isa = PBXBuildFile; fileRef = 3D3B396524F5C730007B88BD /* LaunchScreen.storyboard */; };
		3D3B397024F5C95B007B88BD /* Notes.xcdatamodeld in Sources */ = {isa = PBXBuildFile; fileRef = 3D3B396E24F5C95B007B88BD /* Notes.xcdatamodeld */; };
		3D524E4124F8B4A800ECE719 /* UIView.swift in Sources */ = {isa = PBXBuildFile; fileRef = 3D524E4024F8B4A800ECE719 /* UIView.swift */; };
		3D524E4424F8B4E300ECE719 /* UIColor.swift in Sources */ = {isa = PBXBuildFile; fileRef = 3D524E4324F8B4E300ECE719 /* UIColor.swift */; };
		3DE3B96A24FD9E6B00617DEE /* ContentVC.swift in Sources */ = {isa = PBXBuildFile; fileRef = 3DE3B96924FD9E6B00617DEE /* ContentVC.swift */; };
		3DE3B96D24FDA86200617DEE /* FolderCell.swift in Sources */ = {isa = PBXBuildFile; fileRef = 3DE3B96C24FDA86200617DEE /* FolderCell.swift */; };
		3DE3B96F24FDC75300617DEE /* FolderNameCell.swift in Sources */ = {isa = PBXBuildFile; fileRef = 3DE3B96E24FDC75300617DEE /* FolderNameCell.swift */; };
		3DE3B97324FDF86600617DEE /* NoteCell.swift in Sources */ = {isa = PBXBuildFile; fileRef = 3DE3B97224FDF86600617DEE /* NoteCell.swift */; };
/* End PBXBuildFile section */

/* Begin PBXFileReference section */
		3D2A51E124FB4F660060B086 /* NotesVC.swift */ = {isa = PBXFileReference; lastKnownFileType = sourcecode.swift; path = NotesVC.swift; sourceTree = "<group>"; };
		3D3B395724F5C72E007B88BD /* Notes.app */ = {isa = PBXFileReference; explicitFileType = wrapper.application; includeInIndex = 0; path = Notes.app; sourceTree = BUILT_PRODUCTS_DIR; };
		3D3B395A24F5C72E007B88BD /* AppDelegate.swift */ = {isa = PBXFileReference; lastKnownFileType = sourcecode.swift; path = AppDelegate.swift; sourceTree = "<group>"; };
		3D3B395C24F5C72E007B88BD /* SceneDelegate.swift */ = {isa = PBXFileReference; lastKnownFileType = sourcecode.swift; path = SceneDelegate.swift; sourceTree = "<group>"; };
		3D3B395E24F5C72E007B88BD /* FoldersVC.swift */ = {isa = PBXFileReference; lastKnownFileType = sourcecode.swift; path = FoldersVC.swift; sourceTree = "<group>"; };
		3D3B396324F5C730007B88BD /* Assets.xcassets */ = {isa = PBXFileReference; lastKnownFileType = folder.assetcatalog; path = Assets.xcassets; sourceTree = "<group>"; };
		3D3B396624F5C730007B88BD /* Base */ = {isa = PBXFileReference; lastKnownFileType = file.storyboard; name = Base; path = Base.lproj/LaunchScreen.storyboard; sourceTree = "<group>"; };
		3D3B396824F5C730007B88BD /* Info.plist */ = {isa = PBXFileReference; lastKnownFileType = text.plist.xml; path = Info.plist; sourceTree = "<group>"; };
		3D3B396F24F5C95B007B88BD /* Notes.xcdatamodel */ = {isa = PBXFileReference; lastKnownFileType = wrapper.xcdatamodel; path = Notes.xcdatamodel; sourceTree = "<group>"; };
		3D524E4024F8B4A800ECE719 /* UIView.swift */ = {isa = PBXFileReference; lastKnownFileType = sourcecode.swift; path = UIView.swift; sourceTree = "<group>"; };
		3D524E4324F8B4E300ECE719 /* UIColor.swift */ = {isa = PBXFileReference; lastKnownFileType = sourcecode.swift; path = UIColor.swift; sourceTree = "<group>"; };
		3DE3B96924FD9E6B00617DEE /* ContentVC.swift */ = {isa = PBXFileReference; lastKnownFileType = sourcecode.swift; path = ContentVC.swift; sourceTree = "<group>"; };
		3DE3B96C24FDA86200617DEE /* FolderCell.swift */ = {isa = PBXFileReference; lastKnownFileType = sourcecode.swift; path = FolderCell.swift; sourceTree = "<group>"; };
		3DE3B96E24FDC75300617DEE /* FolderNameCell.swift */ = {isa = PBXFileReference; lastKnownFileType = sourcecode.swift; path = FolderNameCell.swift; sourceTree = "<group>"; };
		3DE3B97224FDF86600617DEE /* NoteCell.swift */ = {isa = PBXFileReference; lastKnownFileType = sourcecode.swift; path = NoteCell.swift; sourceTree = "<group>"; };
/* End PBXFileReference section */

/* Begin PBXFrameworksBuildPhase section */
		3D3B395424F5C72E007B88BD /* Frameworks */ = {
			isa = PBXFrameworksBuildPhase;
			buildActionMask = 2147483647;
			files = (
			);
			runOnlyForDeploymentPostprocessing = 0;
		};
/* End PBXFrameworksBuildPhase section */

/* Begin PBXGroup section */
		3D3B394E24F5C72E007B88BD = {
			isa = PBXGroup;
			children = (
				3D3B395924F5C72E007B88BD /* Notes */,
				3D3B395824F5C72E007B88BD /* Products */,
			);
			sourceTree = "<group>";
		};
		3D3B395824F5C72E007B88BD /* Products */ = {
			isa = PBXGroup;
			children = (
				3D3B395724F5C72E007B88BD /* Notes.app */,
			);
			name = Products;
			sourceTree = "<group>";
		};
		3D3B395924F5C72E007B88BD /* Notes */ = {
			isa = PBXGroup;
			children = (
				3D524E3F24F8B49C00ECE719 /* Extension */,
				3D3B395A24F5C72E007B88BD /* AppDelegate.swift */,
				3D3B395C24F5C72E007B88BD /* SceneDelegate.swift */,
				3DE3B96B24FDA84B00617DEE /* View */,
				3D524E3E24F8AF1C00ECE719 /* Controller */,
				3D3B396324F5C730007B88BD /* Assets.xcassets */,
				3D3B396524F5C730007B88BD /* LaunchScreen.storyboard */,
				3D3B396824F5C730007B88BD /* Info.plist */,
				3D3B396E24F5C95B007B88BD /* Notes.xcdatamodeld */,
			);
			path = Notes;
			sourceTree = "<group>";
		};
		3D524E3E24F8AF1C00ECE719 /* Controller */ = {
			isa = PBXGroup;
			children = (
				3D3B395E24F5C72E007B88BD /* FoldersVC.swift */,
				3D2A51E124FB4F660060B086 /* NotesVC.swift */,
				3DE3B96924FD9E6B00617DEE /* ContentVC.swift */,
			);
			path = Controller;
			sourceTree = "<group>";
		};
		3D524E3F24F8B49C00ECE719 /* Extension */ = {
			isa = PBXGroup;
			children = (
				3D524E4024F8B4A800ECE719 /* UIView.swift */,
				3D524E4324F8B4E300ECE719 /* UIColor.swift */,
			);
			path = Extension;
			sourceTree = "<group>";
		};
		3DE3B96B24FDA84B00617DEE /* View */ = {
			isa = PBXGroup;
			children = (
				3DE3B96E24FDC75300617DEE /* FolderNameCell.swift */,
				3DE3B96C24FDA86200617DEE /* FolderCell.swift */,
				3DE3B97224FDF86600617DEE /* NoteCell.swift */,
			);
			path = View;
			sourceTree = "<group>";
		};
/* End PBXGroup section */

/* Begin PBXNativeTarget section */
		3D3B395624F5C72E007B88BD /* Notes */ = {
			isa = PBXNativeTarget;
			buildConfigurationList = 3D3B396B24F5C730007B88BD /* Build configuration list for PBXNativeTarget "Notes" */;
			buildPhases = (
				3D3B395324F5C72E007B88BD /* Sources */,
				3D3B395424F5C72E007B88BD /* Frameworks */,
				3D3B395524F5C72E007B88BD /* Resources */,
			);
			buildRules = (
			);
			dependencies = (
			);
			name = Notes;
			productName = Notes;
			productReference = 3D3B395724F5C72E007B88BD /* Notes.app */;
			productType = "com.apple.product-type.application";
		};
/* End PBXNativeTarget section */

/* Begin PBXProject section */
		3D3B394F24F5C72E007B88BD /* Project object */ = {
			isa = PBXProject;
			attributes = {
				LastSwiftUpdateCheck = 1150;
				LastUpgradeCheck = 1150;
				ORGANIZATIONNAME = "William Yeung";
				TargetAttributes = {
					3D3B395624F5C72E007B88BD = {
						CreatedOnToolsVersion = 11.5;
					};
				};
			};
			buildConfigurationList = 3D3B395224F5C72E007B88BD /* Build configuration list for PBXProject "Notes" */;
			compatibilityVersion = "Xcode 9.3";
			developmentRegion = en;
			hasScannedForEncodings = 0;
			knownRegions = (
				en,
				Base,
			);
			mainGroup = 3D3B394E24F5C72E007B88BD;
			productRefGroup = 3D3B395824F5C72E007B88BD /* Products */;
			projectDirPath = "";
			projectRoot = "";
			targets = (
				3D3B395624F5C72E007B88BD /* Notes */,
			);
		};
/* End PBXProject section */

/* Begin PBXResourcesBuildPhase section */
		3D3B395524F5C72E007B88BD /* Resources */ = {
			isa = PBXResourcesBuildPhase;
			buildActionMask = 2147483647;
			files = (
				3D3B396724F5C730007B88BD /* LaunchScreen.storyboard in Resources */,
				3D3B396424F5C730007B88BD /* Assets.xcassets in Resources */,
			);
			runOnlyForDeploymentPostprocessing = 0;
		};
/* End PBXResourcesBuildPhase section */

/* Begin PBXSourcesBuildPhase section */
		3D3B395324F5C72E007B88BD /* Sources */ = {
			isa = PBXSourcesBuildPhase;
			buildActionMask = 2147483647;
			files = (
				3DE3B96F24FDC75300617DEE /* FolderNameCell.swift in Sources */,
				3D524E4124F8B4A800ECE719 /* UIView.swift in Sources */,
				3DE3B97324FDF86600617DEE /* NoteCell.swift in Sources */,
				3D524E4424F8B4E300ECE719 /* UIColor.swift in Sources */,
				3DE3B96D24FDA86200617DEE /* FolderCell.swift in Sources */,
				3D3B395F24F5C72E007B88BD /* FoldersVC.swift in Sources */,
				3D3B395B24F5C72E007B88BD /* AppDelegate.swift in Sources */,
				3D3B395D24F5C72E007B88BD /* SceneDelegate.swift in Sources */,
				3D2A51E224FB4F660060B086 /* NotesVC.swift in Sources */,
				3DE3B96A24FD9E6B00617DEE /* ContentVC.swift in Sources */,
				3D3B397024F5C95B007B88BD /* Notes.xcdatamodeld in Sources */,
			);
			runOnlyForDeploymentPostprocessing = 0;
		};
/* End PBXSourcesBuildPhase section */

/* Begin PBXVariantGroup section */
		3D3B396524F5C730007B88BD /* LaunchScreen.storyboard */ = {
			isa = PBXVariantGroup;
			children = (
				3D3B396624F5C730007B88BD /* Base */,
			);
			name = LaunchScreen.storyboard;
			sourceTree = "<group>";
		};
/* End PBXVariantGroup section */

/* Begin XCBuildConfiguration section */
		3D3B396924F5C730007B88BD /* Debug */ = {
			isa = XCBuildConfiguration;
			buildSettings = {
				ALWAYS_SEARCH_USER_PATHS = NO;
				CLANG_ANALYZER_NONNULL = YES;
				CLANG_ANALYZER_NUMBER_OBJECT_CONVERSION = YES_AGGRESSIVE;
				CLANG_CXX_LANGUAGE_STANDARD = "gnu++14";
				CLANG_CXX_LIBRARY = "libc++";
				CLANG_ENABLE_MODULES = YES;
				CLANG_ENABLE_OBJC_ARC = YES;
				CLANG_ENABLE_OBJC_WEAK = YES;
				CLANG_WARN_BLOCK_CAPTURE_AUTORELEASING = YES;
				CLANG_WARN_BOOL_CONVERSION = YES;
				CLANG_WARN_COMMA = YES;
				CLANG_WARN_CONSTANT_CONVERSION = YES;
				CLANG_WARN_DEPRECATED_OBJC_IMPLEMENTATIONS = YES;
				CLANG_WARN_DIRECT_OBJC_ISA_USAGE = YES_ERROR;
				CLANG_WARN_DOCUMENTATION_COMMENTS = YES;
				CLANG_WARN_EMPTY_BODY = YES;
				CLANG_WARN_ENUM_CONVERSION = YES;
				CLANG_WARN_INFINITE_RECURSION = YES;
				CLANG_WARN_INT_CONVERSION = YES;
				CLANG_WARN_NON_LITERAL_NULL_CONVERSION = YES;
				CLANG_WARN_OBJC_IMPLICIT_RETAIN_SELF = YES;
				CLANG_WARN_OBJC_LITERAL_CONVERSION = YES;
				CLANG_WARN_OBJC_ROOT_CLASS = YES_ERROR;
				CLANG_WARN_RANGE_LOOP_ANALYSIS = YES;
				CLANG_WARN_STRICT_PROTOTYPES = YES;
				CLANG_WARN_SUSPICIOUS_MOVE = YES;
				CLANG_WARN_UNGUARDED_AVAILABILITY = YES_AGGRESSIVE;
				CLANG_WARN_UNREACHABLE_CODE = YES;
				CLANG_WARN__DUPLICATE_METHOD_MATCH = YES;
				COPY_PHASE_STRIP = NO;
				DEBUG_INFORMATION_FORMAT = dwarf;
				ENABLE_STRICT_OBJC_MSGSEND = YES;
				ENABLE_TESTABILITY = YES;
				GCC_C_LANGUAGE_STANDARD = gnu11;
				GCC_DYNAMIC_NO_PIC = NO;
				GCC_NO_COMMON_BLOCKS = YES;
				GCC_OPTIMIZATION_LEVEL = 0;
				GCC_PREPROCESSOR_DEFINITIONS = (
					"DEBUG=1",
					"$(inherited)",
				);
				GCC_WARN_64_TO_32_BIT_CONVERSION = YES;
				GCC_WARN_ABOUT_RETURN_TYPE = YES_ERROR;
				GCC_WARN_UNDECLARED_SELECTOR = YES;
				GCC_WARN_UNINITIALIZED_AUTOS = YES_AGGRESSIVE;
				GCC_WARN_UNUSED_FUNCTION = YES;
				GCC_WARN_UNUSED_VARIABLE = YES;
				IPHONEOS_DEPLOYMENT_TARGET = 13.5;
				MTL_ENABLE_DEBUG_INFO = INCLUDE_SOURCE;
				MTL_FAST_MATH = YES;
				ONLY_ACTIVE_ARCH = YES;
				SDKROOT = iphoneos;
				SWIFT_ACTIVE_COMPILATION_CONDITIONS = DEBUG;
				SWIFT_OPTIMIZATION_LEVEL = "-Onone";
			};
			name = Debug;
		};
		3D3B396A24F5C730007B88BD /* Release */ = {
			isa = XCBuildConfiguration;
			buildSettings = {
				ALWAYS_SEARCH_USER_PATHS = NO;
				CLANG_ANALYZER_NONNULL = YES;
				CLANG_ANALYZER_NUMBER_OBJECT_CONVERSION = YES_AGGRESSIVE;
				CLANG_CXX_LANGUAGE_STANDARD = "gnu++14";
				CLANG_CXX_LIBRARY = "libc++";
				CLANG_ENABLE_MODULES = YES;
				CLANG_ENABLE_OBJC_ARC = YES;
				CLANG_ENABLE_OBJC_WEAK = YES;
				CLANG_WARN_BLOCK_CAPTURE_AUTORELEASING = YES;
				CLANG_WARN_BOOL_CONVERSION = YES;
				CLANG_WARN_COMMA = YES;
				CLANG_WARN_CONSTANT_CONVERSION = YES;
				CLANG_WARN_DEPRECATED_OBJC_IMPLEMENTATIONS = YES;
				CLANG_WARN_DIRECT_OBJC_ISA_USAGE = YES_ERROR;
				CLANG_WARN_DOCUMENTATION_COMMENTS = YES;
				CLANG_WARN_EMPTY_BODY = YES;
				CLANG_WARN_ENUM_CONVERSION = YES;
				CLANG_WARN_INFINITE_RECURSION = YES;
				CLANG_WARN_INT_CONVERSION = YES;
				CLANG_WARN_NON_LITERAL_NULL_CONVERSION = YES;
				CLANG_WARN_OBJC_IMPLICIT_RETAIN_SELF = YES;
				CLANG_WARN_OBJC_LITERAL_CONVERSION = YES;
				CLANG_WARN_OBJC_ROOT_CLASS = YES_ERROR;
				CLANG_WARN_RANGE_LOOP_ANALYSIS = YES;
				CLANG_WARN_STRICT_PROTOTYPES = YES;
				CLANG_WARN_SUSPICIOUS_MOVE = YES;
				CLANG_WARN_UNGUARDED_AVAILABILITY = YES_AGGRESSIVE;
				CLANG_WARN_UNREACHABLE_CODE = YES;
				CLANG_WARN__DUPLICATE_METHOD_MATCH = YES;
				COPY_PHASE_STRIP = NO;
				DEBUG_INFORMATION_FORMAT = "dwarf-with-dsym";
				ENABLE_NS_ASSERTIONS = NO;
				ENABLE_STRICT_OBJC_MSGSEND = YES;
				GCC_C_LANGUAGE_STANDARD = gnu11;
				GCC_NO_COMMON_BLOCKS = YES;
				GCC_WARN_64_TO_32_BIT_CONVERSION = YES;
				GCC_WARN_ABOUT_RETURN_TYPE = YES_ERROR;
				GCC_WARN_UNDECLARED_SELECTOR = YES;
				GCC_WARN_UNINITIALIZED_AUTOS = YES_AGGRESSIVE;
				GCC_WARN_UNUSED_FUNCTION = YES;
				GCC_WARN_UNUSED_VARIABLE = YES;
				IPHONEOS_DEPLOYMENT_TARGET = 13.5;
				MTL_ENABLE_DEBUG_INFO = NO;
				MTL_FAST_MATH = YES;
				SDKROOT = iphoneos;
				SWIFT_COMPILATION_MODE = wholemodule;
				SWIFT_OPTIMIZATION_LEVEL = "-O";
				VALIDATE_PRODUCT = YES;
			};
			name = Release;
		};
		3D3B396C24F5C730007B88BD /* Debug */ = {
			isa = XCBuildConfiguration;
			buildSettings = {
				ASSETCATALOG_COMPILER_APPICON_NAME = AppIcon;
				CODE_SIGN_STYLE = Automatic;
				DEVELOPMENT_TEAM = 62HGT66B46;
				INFOPLIST_FILE = Notes/Info.plist;
				LD_RUNPATH_SEARCH_PATHS = (
					"$(inherited)",
					"@executable_path/Frameworks",
				);
				PRODUCT_BUNDLE_IDENTIFIER = com.williamyeung.Notes;
				PRODUCT_NAME = "$(TARGET_NAME)";
				SWIFT_VERSION = 5.0;
				TARGETED_DEVICE_FAMILY = "1,2";
			};
			name = Debug;
		};
		3D3B396D24F5C730007B88BD /* Release */ = {
			isa = XCBuildConfiguration;
			buildSettings = {
				ASSETCATALOG_COMPILER_APPICON_NAME = AppIcon;
				CODE_SIGN_STYLE = Automatic;
				DEVELOPMENT_TEAM = 62HGT66B46;
				INFOPLIST_FILE = Notes/Info.plist;
				LD_RUNPATH_SEARCH_PATHS = (
					"$(inherited)",
					"@executable_path/Frameworks",
				);
				PRODUCT_BUNDLE_IDENTIFIER = com.williamyeung.Notes;
				PRODUCT_NAME = "$(TARGET_NAME)";
				SWIFT_VERSION = 5.0;
				TARGETED_DEVICE_FAMILY = "1,2";
			};
			name = Release;
		};
/* End XCBuildConfiguration section */

/* Begin XCConfigurationList section */
		3D3B395224F5C72E007B88BD /* Build configuration list for PBXProject "Notes" */ = {
			isa = XCConfigurationList;
			buildConfigurations = (
				3D3B396924F5C730007B88BD /* Debug */,
				3D3B396A24F5C730007B88BD /* Release */,
			);
			defaultConfigurationIsVisible = 0;
			defaultConfigurationName = Release;
		};
		3D3B396B24F5C730007B88BD /* Build configuration list for PBXNativeTarget "Notes" */ = {
			isa = XCConfigurationList;
			buildConfigurations = (
				3D3B396C24F5C730007B88BD /* Debug */,
				3D3B396D24F5C730007B88BD /* Release */,
			);
			defaultConfigurationIsVisible = 0;
			defaultConfigurationName = Release;
		};
/* End XCConfigurationList section */

/* Begin XCVersionGroup section */
		3D3B396E24F5C95B007B88BD /* Notes.xcdatamodeld */ = {
			isa = XCVersionGroup;
			children = (
				3D3B396F24F5C95B007B88BD /* Notes.xcdatamodel */,
			);
			currentVersion = 3D3B396F24F5C95B007B88BD /* Notes.xcdatamodel */;
			path = Notes.xcdatamodeld;
			sourceTree = "<group>";
			versionGroupType = wrapper.xcdatamodel;
		};
/* End XCVersionGroup section */
	};
	rootObject = 3D3B394F24F5C72E007B88BD /* Project object */;
}
